# This file is automatically @generated by Cargo.
# It is not intended for manual editing.
version = 4

[[package]]
name = "autocfg"
version = "1.4.0"
source = "registry+https://github.com/rust-lang/crates.io-index"
checksum = "ace50bade8e6234aa140d9a2f552bbee1db4d353f69b8217bc503490fc1a9f26"

[[package]]
name = "blake2"
version = "0.1.0"
dependencies = [
 "print-no-std",
]

[[package]]
name = "cc"
version = "1.2.23"
source = "registry+https://github.com/rust-lang/crates.io-index"
checksum = "5f4ac86a9e5bc1e2b3449ab9d7d3a6a405e3d1bb28d7b9be8614f55846ae3766"
dependencies = [
 "shlex",
]

[[package]]
name = "document-features"
version = "0.2.11"
source = "registry+https://github.com/rust-lang/crates.io-index"
checksum = "95249b50c6c185bee49034bcb378a49dc2b5dff0be90ff6616d31d64febab05d"
dependencies = [
 "litrs",
]

[[package]]
name = "dos-cp"
version = "0.5.2"
source = "registry+https://github.com/rust-lang/crates.io-index"
checksum = "ea38e2b4c8238a6ab3939a92df9c6a4566ee1b61d6f854c876d293dd71c8fa68"
dependencies = [
 "either",
 "exit-no-std",
 "iter-identify_first_last",
 "panicking",
 "pc-ints",
]

[[package]]
name = "either"
version = "1.15.0"
source = "registry+https://github.com/rust-lang/crates.io-index"
checksum = "48c757948c5ede0e46177b7add2e67155f70e33c07fea8284df6576da70b3719"

[[package]]
name = "errno-no-std"
version = "0.2.2"
source = "registry+https://github.com/rust-lang/crates.io-index"
checksum = "1fdcf14936c837bfd4be0770bb6b9a0df31ddfb5d53a6e6f37d6f07ec4ca90cd"
dependencies = [
 "document-features",
 "errno-sys",
 "libc",
 "widestring",
 "winapi",
]

[[package]]
name = "errno-sys"
version = "0.2.0"
source = "registry+https://github.com/rust-lang/crates.io-index"
checksum = "a8f7083207e75d4435df450dc6413612d97fe5a441477aba02484f9f7f77057e"
dependencies = [
 "cc",
 "libc",
]

[[package]]
name = "exit-no-std"
version = "0.2.1"
source = "registry+https://github.com/rust-lang/crates.io-index"
checksum = "4dcd5f513f5e291767d1a48311655cd6980305945027c0d8ad31c1081aa7cb7a"
dependencies = [
 "libc",
 "pc-ints",
 "winapi",
]

[[package]]
name = "iter-identify_first_last"
version = "0.2.3"
source = "registry+https://github.com/rust-lang/crates.io-index"
checksum = "91506f15038dff631f051ed27b43954375772a20d62785f0d8c7a830e1f765eb"
dependencies = [
 "document-features",
]

[[package]]
name = "libc"
version = "0.2.172"
source = "registry+https://github.com/rust-lang/crates.io-index"
checksum = "d750af042f7ef4f724306de029d18836c26c1765a54a6a3f094cbd23a7267ffa"

[[package]]
name = "litrs"
version = "0.4.1"
source = "registry+https://github.com/rust-lang/crates.io-index"
checksum = "b4ce301924b7887e9d637144fdade93f9dfff9b60981d4ac161db09720d39aa5"

[[package]]
name = "memoffset"
version = "0.9.1"
source = "registry+https://github.com/rust-lang/crates.io-index"
checksum = "488016bfae457b036d996092f6cb448677611ce4449e970ceaf42695203f218a"
dependencies = [
 "autocfg",
]

[[package]]
name = "panicking"
version = "0.4.0"
source = "registry+https://github.com/rust-lang/crates.io-index"
checksum = "21eb594cd667adf943bf4617e74ca71e2f4041f2fa630d5fc7be9314a1b480de"

[[package]]
name = "pc-ints"
version = "0.3.6"
source = "registry+https://github.com/rust-lang/crates.io-index"
checksum = "4cfa325ecd8dfc61925ef42dd711b5ea0bb9ef13e13056eefb9531828a18606e"
dependencies = [
 "memoffset",
]

[[package]]
name = "print-no-std"
version = "0.1.0"
source = "registry+https://github.com/rust-lang/crates.io-index"
checksum = "4617895c4a5787cff6720529173d06c1426925da4910638e66731557e847ba10"
dependencies = [
 "dos-cp",
 "errno-no-std",
 "iter-identify_first_last",
 "libc",
 "winapi",
]

[[package]]
name = "shlex"
version = "1.3.0"
source = "registry+https://github.com/rust-lang/crates.io-index"
checksum = "0fda2ff0d084019ba4d7c6f371c95d8fd75ce3524c3cb8fb653a3023f6323e64"

[[package]]
name = "widestring"
version = "1.2.0"
source = "registry+https://github.com/rust-lang/crates.io-index"
checksum = "dd7cf3379ca1aac9eea11fba24fd7e315d621f8dfe35c8d7d2be8b793726e07d"

[[package]]
name = "winapi"
version = "0.3.9"
source = "registry+https://github.com/rust-lang/crates.io-index"
checksum = "5c839a674fcd7a98952e593242ea400abe93992746761e38641405d28b00f419"
dependencies = [
 "winapi-i686-pc-windows-gnu",
 "winapi-x86_64-pc-windows-gnu",
]

[[package]]
name = "winapi-i686-pc-windows-gnu"
version = "0.4.0"
source = "registry+https://github.com/rust-lang/crates.io-index"
checksum = "ac3b87c63620426dd9b991e5ce0329eff545bccbbb34f3be09ff6fb6ab51b7b6"

[[package]]
name = "winapi-x86_64-pc-windows-gnu"
version = "0.4.0"
source = "registry+https://github.com/rust-lang/crates.io-index"
checksum = "712e227841d057c1ee1cd2fb22fa7e5a5461ae8e48fa2ca79ec42cfc1931183f"
